# This file is automatically @generated by Cargo.
# It is not intended for manual editing.
version = 4

[[package]]
name = "obsync-cli"
version = "1.1.6"
dependencies = [
 "obsync-core",
]

[[package]]
name = "obsync-core"
version = "1.1.6"

[[package]]
name = "obsyncd"
version = "1.1.6"
dependencies = [
 "obsync-core",
]
